<Solution>
  <Folder Name="/src/">
    <Project Path="src/ApexMapper.App/ApexMapper.App.csproj" />
    <Project Path="src/ApexMapper.Core/ApexMapper.Core.csproj" />
    <Project Path="src/ApexMapper.Windows/ApexMapper.Windows.csproj" />
  </Folder>
  <Folder Name="/tests/">
    <Project Path="tests/ApexMapper.App.Tests/ApexMapper.App.Tests.csproj" />
    <Project Path="tests/ApexMapper.Core.Tests/ApexMapper.Core.Tests.csproj" />
    <Project Path="tests/ApexMapper.Windows.Tests/ApexMapper.Windows.Tests.csproj" />
  </Folder>
</Solution>
